
Microsoft Visual Studio Solution File, Format Version 12.00
# Visual Studio Version 17
VisualStudioVersion = 17.4.33205.214
MinimumVisualStudioVersion = 10.0.40219.1
Project("{888888A0-9F3D-457C-B088-3A5042F75D52}") = "Mäng 21", "Mäng 21\Mäng 21.pyproj", "{2B53BF26-115C-4B4D-A74E-E4CC6EC205B1}"
EndProject
Global
	GlobalSection(SolutionConfigurationPlatforms) = preSolution
		Debug|Any CPU = Debug|Any CPU
		Release|Any CPU = Release|Any CPU
	EndGlobalSection
	GlobalSection(ProjectConfigurationPlatforms) = postSolution
		{2B53BF26-115C-4B4D-A74E-E4CC6EC205B1}.Debug|Any CPU.ActiveCfg = Debug|Any CPU
		{2B53BF26-115C-4B4D-A74E-E4CC6EC205B1}.Release|Any CPU.ActiveCfg = Release|Any CPU
	EndGlobalSection
	GlobalSection(SolutionProperties) = preSolution
		HideSolutionNode = FALSE
	EndGlobalSection
	GlobalSection(ExtensibilityGlobals) = postSolution
		SolutionGuid = {4452A234-04AC-446B-A5F4-913F966CC1AB}
	EndGlobalSection
EndGlobal
